
Microsoft Visual Studio Solution File, Format Version 12.00
# Visual Studio 14
VisualStudioVersion = 14.0.25420.1
MinimumVisualStudioVersion = 10.0.40219.1
Project("{2150E333-8FDC-42A3-9474-1A3956D46DE8}") = "01. Common", "01. Common", "{4F9130DD-157C-4E53-A84A-CA020BCD88C7}"
EndProject
Project("{2150E333-8FDC-42A3-9474-1A3956D46DE8}") = "02. WebApp", "02. WebApp", "{EEC27914-F07D-4CBE-840B-835C3C600716}"
EndProject
Project("{2150E333-8FDC-42A3-9474-1A3956D46DE8}") = "03. Services", "03. Services", "{0A6D1B85-9CDD-43FF-A513-8980BED7E508}"
EndProject
Project("{2150E333-8FDC-42A3-9474-1A3956D46DE8}") = "04. BLL", "04. BLL", "{7ECC8CF7-4206-47B9-BD14-5EAC70D429FE}"
EndProject
Project("{2150E333-8FDC-42A3-9474-1A3956D46DE8}") = "05. DAO", "05. DAO", "{DB078860-3749-4ADD-8EDC-E9CE54510824}"
EndProject
Project("{FAE04EC0-301F-11D3-BF4B-00C04F79EFBC}") = "TKM.Utils", "01. Common\TKM.Utils.csproj", "{8F3771F1-4D56-4699-BD09-F4941255ACED}"
EndProject
Project("{FAE04EC0-301F-11D3-BF4B-00C04F79EFBC}") = "TKM.WebApp", "02. WebApp\TKM.WebApp.csproj", "{83A20E04-798A-4D7D-8290-72DA9F8C3A28}"
EndProject
Project("{FAE04EC0-301F-11D3-BF4B-00C04F79EFBC}") = "TKM.Services", "03. Services\TKM.Services.csproj", "{01B32012-8B74-427D-A67E-F468756DDAC1}"
EndProject
Project("{FAE04EC0-301F-11D3-BF4B-00C04F79EFBC}") = "TKM.BLL", "04. BLL\TKM.BLL.csproj", "{715FA25F-556B-4AA8-9189-2138A2095C06}"
EndProject
Project("{FAE04EC0-301F-11D3-BF4B-00C04F79EFBC}") = "TKM.DAO", "05. DAO\TKM.DAO.csproj", "{BBF1EC7F-90C8-43BD-B962-260CB514B509}"
EndProject
Global
	GlobalSection(SolutionConfigurationPlatforms) = preSolution
		Debug|Any CPU = Debug|Any CPU
		Release|Any CPU = Release|Any CPU
	EndGlobalSection
	GlobalSection(ProjectConfigurationPlatforms) = postSolution
		{8F3771F1-4D56-4699-BD09-F4941255ACED}.Debug|Any CPU.ActiveCfg = Debug|Any CPU
		{8F3771F1-4D56-4699-BD09-F4941255ACED}.Debug|Any CPU.Build.0 = Debug|Any CPU
		{8F3771F1-4D56-4699-BD09-F4941255ACED}.Release|Any CPU.ActiveCfg = Release|Any CPU
		{8F3771F1-4D56-4699-BD09-F4941255ACED}.Release|Any CPU.Build.0 = Release|Any CPU
		{83A20E04-798A-4D7D-8290-72DA9F8C3A28}.Debug|Any CPU.ActiveCfg = Debug|Any CPU
		{83A20E04-798A-4D7D-8290-72DA9F8C3A28}.Debug|Any CPU.Build.0 = Debug|Any CPU
		{83A20E04-798A-4D7D-8290-72DA9F8C3A28}.Release|Any CPU.ActiveCfg = Release|Any CPU
		{83A20E04-798A-4D7D-8290-72DA9F8C3A28}.Release|Any CPU.Build.0 = Release|Any CPU
		{01B32012-8B74-427D-A67E-F468756DDAC1}.Debug|Any CPU.ActiveCfg = Debug|Any CPU
		{01B32012-8B74-427D-A67E-F468756DDAC1}.Debug|Any CPU.Build.0 = Debug|Any CPU
		{01B32012-8B74-427D-A67E-F468756DDAC1}.Release|Any CPU.ActiveCfg = Release|Any CPU
		{01B32012-8B74-427D-A67E-F468756DDAC1}.Release|Any CPU.Build.0 = Release|Any CPU
		{715FA25F-556B-4AA8-9189-2138A2095C06}.Debug|Any CPU.ActiveCfg = Debug|Any CPU
		{715FA25F-556B-4AA8-9189-2138A2095C06}.Debug|Any CPU.Build.0 = Debug|Any CPU
		{715FA25F-556B-4AA8-9189-2138A2095C06}.Release|Any CPU.ActiveCfg = Release|Any CPU
		{715FA25F-556B-4AA8-9189-2138A2095C06}.Release|Any CPU.Build.0 = Release|Any CPU
		{BBF1EC7F-90C8-43BD-B962-260CB514B509}.Debug|Any CPU.ActiveCfg = Debug|Any CPU
		{BBF1EC7F-90C8-43BD-B962-260CB514B509}.Debug|Any CPU.Build.0 = Debug|Any CPU
		{BBF1EC7F-90C8-43BD-B962-260CB514B509}.Release|Any CPU.ActiveCfg = Release|Any CPU
		{BBF1EC7F-90C8-43BD-B962-260CB514B509}.Release|Any CPU.Build.0 = Release|Any CPU
	EndGlobalSection
	GlobalSection(SolutionProperties) = preSolution
		HideSolutionNode = FALSE
	EndGlobalSection
	GlobalSection(NestedProjects) = preSolution
		{8F3771F1-4D56-4699-BD09-F4941255ACED} = {4F9130DD-157C-4E53-A84A-CA020BCD88C7}
		{83A20E04-798A-4D7D-8290-72DA9F8C3A28} = {EEC27914-F07D-4CBE-840B-835C3C600716}
		{01B32012-8B74-427D-A67E-F468756DDAC1} = {0A6D1B85-9CDD-43FF-A513-8980BED7E508}
		{715FA25F-556B-4AA8-9189-2138A2095C06} = {7ECC8CF7-4206-47B9-BD14-5EAC70D429FE}
		{BBF1EC7F-90C8-43BD-B962-260CB514B509} = {DB078860-3749-4ADD-8EDC-E9CE54510824}
	EndGlobalSection
EndGlobal
